{
  "version": 4,
  "terraform_version": "1.9.6",
  "serial": 7,
  "lineage": "d33779e2-f9d1-4317-7e9c-7f82852e9314",
  "outputs": {},
  "resources": [
    {
      "mode": "managed",
      "type": "oci_core_internet_gateway",
      "name": "test_internet_gateway",
      "provider": "provider[\"registry.terraform.io/hashicorp/oci\"]",
      "instances": [
        {
          "schema_version": 0,
          "attributes": {
            "compartment_id": "ocid1.compartment.oc1..aaaaaaaa3bid7ry3jiwrljzxxr4tpeldg3aysq2vvylrxjr5mnqas23s2nda",
            "defined_tags": {
              "Oracle-Tags.CreatedBy": "ocid1.instance.oc1.ap-tokyo-1.anxhiljryfi37aac7sd6rlfghcwi4l7ef4fhf3xgfjtlneie5ix54vspmg6q",
              "Oracle-Tags.CreatedOn": "2024-09-22T10:51:03.731Z"
            },
            "display_name": "terraform_test_internet_gateway",
            "enabled": true,
            "freeform_tags": {
              "Env": "terraform"
            },
            "id": "ocid1.internetgateway.oc1.ap-tokyo-1.aaaaaaaav6y265bdyaehyvdztcha4fohhbwasqcpsgxbv5ipbxtmy7mx4swq",
            "route_table_id": null,
            "state": "AVAILABLE",
            "time_created": "2024-09-22 10:51:03.842 +0000 UTC",
            "timeouts": null,
            "vcn_id": "ocid1.vcn.oc1.ap-tokyo-1.amaaaaaayfi37aaaifew3lvmareutajlkdx4ynx7o6kl2fkwqod55hoeflsa"
          },
          "sensitive_attributes": [],
          "private": "eyJlMmJmYjczMC1lY2FhLTExZTYtOGY4OC0zNDM2M2JjN2M0YzAiOnsiY3JlYXRlIjoxMjAwMDAwMDAwMDAwLCJkZWxldGUiOjEyMDAwMDAwMDAwMDAsInVwZGF0ZSI6MTIwMDAwMDAwMDAwMH19",
          "dependencies": [
            "oci_core_vcn.test_vcn"
          ]
        }
      ]
    },
    {
      "mode": "managed",
      "type": "oci_core_network_security_group",
      "name": "test_network_security_group",
      "provider": "provider[\"registry.terraform.io/hashicorp/oci\"]",
      "instances": [
        {
          "schema_version": 0,
          "attributes": {
            "compartment_id": "ocid1.compartment.oc1..aaaaaaaa3bid7ry3jiwrljzxxr4tpeldg3aysq2vvylrxjr5mnqas23s2nda",
            "defined_tags": {
              "Oracle-Tags.CreatedBy": "ocid1.instance.oc1.ap-tokyo-1.anxhiljryfi37aac7sd6rlfghcwi4l7ef4fhf3xgfjtlneie5ix54vspmg6q",
              "Oracle-Tags.CreatedOn": "2024-09-22T10:51:03.823Z"
            },
            "display_name": "terraform_test_security_group",
            "freeform_tags": {
              "Env": "terraform"
            },
            "id": "ocid1.networksecuritygroup.oc1.ap-tokyo-1.aaaaaaaaesooei7hvk2ixsqjbbzlpm2yb74tnouclypwgumigddcynkgocba",
            "state": "AVAILABLE",
            "time_created": "2024-09-22 10:51:03.976 +0000 UTC",
            "timeouts": null,
            "vcn_id": "ocid1.vcn.oc1.ap-tokyo-1.amaaaaaayfi37aaaifew3lvmareutajlkdx4ynx7o6kl2fkwqod55hoeflsa"
          },
          "sensitive_attributes": [],
          "private": "eyJlMmJmYjczMC1lY2FhLTExZTYtOGY4OC0zNDM2M2JjN2M0YzAiOnsiY3JlYXRlIjoxMjAwMDAwMDAwMDAwLCJkZWxldGUiOjEyMDAwMDAwMDAwMDAsInVwZGF0ZSI6MTIwMDAwMDAwMDAwMH19",
          "dependencies": [
            "oci_core_vcn.test_vcn"
          ]
        }
      ]
    },
    {
      "mode": "managed",
      "type": "oci_core_route_table",
      "name": "test_route_table",
      "provider": "provider[\"registry.terraform.io/hashicorp/oci\"]",
      "instances": [
        {
          "schema_version": 0,
          "attributes": {
            "compartment_id": "ocid1.compartment.oc1..aaaaaaaa3bid7ry3jiwrljzxxr4tpeldg3aysq2vvylrxjr5mnqas23s2nda",
            "defined_tags": {
              "Oracle-Tags.CreatedBy": "ocid1.instance.oc1.ap-tokyo-1.anxhiljryfi37aac7sd6rlfghcwi4l7ef4fhf3xgfjtlneie5ix54vspmg6q",
              "Oracle-Tags.CreatedOn": "2024-09-22T10:51:04.483Z"
            },
            "display_name": "terraform_test_route_subnet_public",
            "freeform_tags": {
              "Env": "terraform"
            },
            "id": "ocid1.routetable.oc1.ap-tokyo-1.aaaaaaaajxo47e36kpbjps7pvwjnfkjz64sn2yw7ytriqa2y6hgdcaki6b5q",
            "route_rules": [
              {
                "cidr_block": "0.0.0.0/0",
                "description": "default Route",
                "destination": "0.0.0.0/0",
                "destination_type": "CIDR_BLOCK",
                "network_entity_id": "ocid1.internetgateway.oc1.ap-tokyo-1.aaaaaaaav6y265bdyaehyvdztcha4fohhbwasqcpsgxbv5ipbxtmy7mx4swq",
                "route_type": ""
              }
            ],
            "state": "AVAILABLE",
            "time_created": "2024-09-22 10:51:04.513 +0000 UTC",
            "timeouts": null,
            "vcn_id": "ocid1.vcn.oc1.ap-tokyo-1.amaaaaaayfi37aaaifew3lvmareutajlkdx4ynx7o6kl2fkwqod55hoeflsa"
          },
          "sensitive_attributes": [],
          "private": "eyJlMmJmYjczMC1lY2FhLTExZTYtOGY4OC0zNDM2M2JjN2M0YzAiOnsiY3JlYXRlIjoxMjAwMDAwMDAwMDAwLCJkZWxldGUiOjEyMDAwMDAwMDAwMDAsInVwZGF0ZSI6MTIwMDAwMDAwMDAwMH19",
          "dependencies": [
            "oci_core_internet_gateway.test_internet_gateway",
            "oci_core_vcn.test_vcn"
          ]
        }
      ]
    },
    {
      "mode": "managed",
      "type": "oci_core_subnet",
      "name": "test_subnet_public",
      "provider": "provider[\"registry.terraform.io/hashicorp/oci\"]",
      "instances": [
        {
          "schema_version": 0,
          "attributes": {
            "availability_domain": null,
            "cidr_block": "192.168.0.0/24",
            "compartment_id": "ocid1.compartment.oc1..aaaaaaaa3bid7ry3jiwrljzxxr4tpeldg3aysq2vvylrxjr5mnqas23s2nda",
            "defined_tags": {
              "Oracle-Tags.CreatedBy": "ocid1.instance.oc1.ap-tokyo-1.anxhiljryfi37aac7sd6rlfghcwi4l7ef4fhf3xgfjtlneie5ix54vspmg6q",
              "Oracle-Tags.CreatedOn": "2024-09-22T10:51:04.949Z"
            },
            "dhcp_options_id": "ocid1.dhcpoptions.oc1.ap-tokyo-1.aaaaaaaa4db4mpeyrqdhecgcu7ykr3kxiyea76f6uxy7jwdlib2fyfdg3vfa",
            "display_name": "terraform_test_subnet",
            "dns_label": "vcn20240922",
            "freeform_tags": {
              "Env": "terraform"
            },
            "id": "ocid1.subnet.oc1.ap-tokyo-1.aaaaaaaanvujeuv67zxqhqp7c25bjmxmkebnvequobfddbe5q4dhi73v4niq",
            "ipv6cidr_block": null,
            "ipv6cidr_blocks": [],
            "ipv6virtual_router_ip": null,
            "prohibit_internet_ingress": true,
            "prohibit_public_ip_on_vnic": true,
            "route_table_id": "ocid1.routetable.oc1.ap-tokyo-1.aaaaaaaajxo47e36kpbjps7pvwjnfkjz64sn2yw7ytriqa2y6hgdcaki6b5q",
            "security_list_ids": [
              "ocid1.securitylist.oc1.ap-tokyo-1.aaaaaaaawuohio4pec4k54fwvn66gs4fnuuqpdytlayf5xqnad2bjywxxqcq"
            ],
            "state": "AVAILABLE",
            "subnet_domain_name": "vcn20240922.vcn20240922.oraclevcn.com",
            "time_created": "2024-09-22 10:51:05.006 +0000 UTC",
            "timeouts": null,
            "vcn_id": "ocid1.vcn.oc1.ap-tokyo-1.amaaaaaayfi37aaaifew3lvmareutajlkdx4ynx7o6kl2fkwqod55hoeflsa",
            "virtual_router_ip": "192.168.0.1",
            "virtual_router_mac": "00:00:17:3F:CD:32"
          },
          "sensitive_attributes": [],
          "private": "eyJlMmJmYjczMC1lY2FhLTExZTYtOGY4OC0zNDM2M2JjN2M0YzAiOnsiY3JlYXRlIjoxMjAwMDAwMDAwMDAwLCJkZWxldGUiOjEyMDAwMDAwMDAwMDAsInVwZGF0ZSI6MTIwMDAwMDAwMDAwMH19",
          "dependencies": [
            "oci_core_internet_gateway.test_internet_gateway",
            "oci_core_route_table.test_route_table",
            "oci_core_vcn.test_vcn"
          ]
        }
      ]
    },
    {
      "mode": "managed",
      "type": "oci_core_vcn",
      "name": "test_vcn",
      "provider": "provider[\"registry.terraform.io/hashicorp/oci\"]",
      "instances": [
        {
          "schema_version": 0,
          "attributes": {
            "byoipv6cidr_blocks": [],
            "byoipv6cidr_details": null,
            "cidr_block": "192.168.0.0/16",
            "cidr_blocks": [
              "192.168.0.0/16"
            ],
            "compartment_id": "ocid1.compartment.oc1..aaaaaaaa3bid7ry3jiwrljzxxr4tpeldg3aysq2vvylrxjr5mnqas23s2nda",
            "default_dhcp_options_id": "ocid1.dhcpoptions.oc1.ap-tokyo-1.aaaaaaaa4db4mpeyrqdhecgcu7ykr3kxiyea76f6uxy7jwdlib2fyfdg3vfa",
            "default_route_table_id": "ocid1.routetable.oc1.ap-tokyo-1.aaaaaaaaapsz6w6uofjqlrvuw7xx47nrbhztnzhx5d4oiutb2ombhtqdfccq",
            "default_security_list_id": "ocid1.securitylist.oc1.ap-tokyo-1.aaaaaaaawuohio4pec4k54fwvn66gs4fnuuqpdytlayf5xqnad2bjywxxqcq",
            "defined_tags": {
              "Oracle-Tags.CreatedBy": "ocid1.instance.oc1.ap-tokyo-1.anxhiljryfi37aac7sd6rlfghcwi4l7ef4fhf3xgfjtlneie5ix54vspmg6q",
              "Oracle-Tags.CreatedOn": "2024-09-22T10:51:03.075Z"
            },
            "display_name": "terraform_test_vcn",
            "dns_label": "vcn20240922",
            "freeform_tags": {
              "Env": "terraform"
            },
            "id": "ocid1.vcn.oc1.ap-tokyo-1.amaaaaaayfi37aaaifew3lvmareutajlkdx4ynx7o6kl2fkwqod55hoeflsa",
            "ipv6cidr_blocks": [],
            "ipv6private_cidr_blocks": [],
            "is_ipv6enabled": false,
            "is_oracle_gua_allocation_enabled": null,
            "state": "AVAILABLE",
            "time_created": "2024-09-22 10:51:03.154 +0000 UTC",
            "timeouts": null,
            "vcn_domain_name": "vcn20240922.oraclevcn.com"
          },
          "sensitive_attributes": [],
          "private": "eyJlMmJmYjczMC1lY2FhLTExZTYtOGY4OC0zNDM2M2JjN2M0YzAiOnsiY3JlYXRlIjoxMjAwMDAwMDAwMDAwLCJkZWxldGUiOjEyMDAwMDAwMDAwMDAsInVwZGF0ZSI6MTIwMDAwMDAwMDAwMH19"
        }
      ]
    }
  ],
  "check_results": null
}
